
Microsoft Visual Studio Solution File, Format Version 12.00
# Visual Studio Version 17
VisualStudioVersion = 17.3.32819.101
MinimumVisualStudioVersion = 10.0.40219.1
Project("{FAE04EC0-301F-11D3-BF4B-00C04F79EFBC}") = "RedeSocial", "RedeSocial\RedeSocial.csproj", "{C479D9A8-7B48-4D43-845B-B79874630725}"
EndProject
Global
	GlobalSection(SolutionConfigurationPlatforms) = preSolution
		Debug|Any CPU = Debug|Any CPU
		Release|Any CPU = Release|Any CPU
	EndGlobalSection
	GlobalSection(ProjectConfigurationPlatforms) = postSolution
		{C479D9A8-7B48-4D43-845B-B79874630725}.Debug|Any CPU.ActiveCfg = Debug|Any CPU
		{C479D9A8-7B48-4D43-845B-B79874630725}.Debug|Any CPU.Build.0 = Debug|Any CPU
		{C479D9A8-7B48-4D43-845B-B79874630725}.Release|Any CPU.ActiveCfg = Release|Any CPU
		{C479D9A8-7B48-4D43-845B-B79874630725}.Release|Any CPU.Build.0 = Release|Any CPU
	EndGlobalSection
	GlobalSection(SolutionProperties) = preSolution
		HideSolutionNode = FALSE
	EndGlobalSection
	GlobalSection(ExtensibilityGlobals) = postSolution
		SolutionGuid = {E0A59B12-9BAA-4053-847F-93A6F9A10417}
	EndGlobalSection
EndGlobal
